
Microsoft Visual Studio Solution File, Format Version 12.00
# Visual Studio 14
VisualStudioVersion = 14.0.25420.1
MinimumVisualStudioVersion = 10.0.40219.1
Project("{FAE04EC0-301F-11D3-BF4B-00C04F79EFBC}") = "SalesFiguresAPI", "SalesFiguresAPI\SalesFiguresAPI.csproj", "{320D71CA-F90F-445B-ABB5-9C5AA2B4BFD4}"
EndProject
Project("{FAE04EC0-301F-11D3-BF4B-00C04F79EFBC}") = "DataAccess", "DataAccess\DataAccess.csproj", "{BD99D908-51AF-42C8-B7F2-FA0CA5AA358F}"
EndProject
Project("{FAE04EC0-301F-11D3-BF4B-00C04F79EFBC}") = "SalesFiguresWS", "SalesFiguresWS\SalesFiguresWS.csproj", "{C9870640-47F7-4203-AA52-214172E96C99}"
EndProject
Global
	GlobalSection(SolutionConfigurationPlatforms) = preSolution
		Debug|Any CPU = Debug|Any CPU
		Release|Any CPU = Release|Any CPU
	EndGlobalSection
	GlobalSection(ProjectConfigurationPlatforms) = postSolution
		{320D71CA-F90F-445B-ABB5-9C5AA2B4BFD4}.Debug|Any CPU.ActiveCfg = Debug|Any CPU
		{320D71CA-F90F-445B-ABB5-9C5AA2B4BFD4}.Debug|Any CPU.Build.0 = Debug|Any CPU
		{320D71CA-F90F-445B-ABB5-9C5AA2B4BFD4}.Release|Any CPU.ActiveCfg = Release|Any CPU
		{320D71CA-F90F-445B-ABB5-9C5AA2B4BFD4}.Release|Any CPU.Build.0 = Release|Any CPU
		{BD99D908-51AF-42C8-B7F2-FA0CA5AA358F}.Debug|Any CPU.ActiveCfg = Debug|Any CPU
		{BD99D908-51AF-42C8-B7F2-FA0CA5AA358F}.Debug|Any CPU.Build.0 = Debug|Any CPU
		{BD99D908-51AF-42C8-B7F2-FA0CA5AA358F}.Release|Any CPU.ActiveCfg = Release|Any CPU
		{BD99D908-51AF-42C8-B7F2-FA0CA5AA358F}.Release|Any CPU.Build.0 = Release|Any CPU
		{C9870640-47F7-4203-AA52-214172E96C99}.Debug|Any CPU.ActiveCfg = Debug|Any CPU
		{C9870640-47F7-4203-AA52-214172E96C99}.Debug|Any CPU.Build.0 = Debug|Any CPU
		{C9870640-47F7-4203-AA52-214172E96C99}.Release|Any CPU.ActiveCfg = Release|Any CPU
		{C9870640-47F7-4203-AA52-214172E96C99}.Release|Any CPU.Build.0 = Release|Any CPU
	EndGlobalSection
	GlobalSection(SolutionProperties) = preSolution
		HideSolutionNode = FALSE
	EndGlobalSection
EndGlobal
